
Microsoft Visual Studio Solution File, Format Version 12.00
# Visual Studio 15
VisualStudioVersion = 15.0.28307.1259
MinimumVisualStudioVersion = 10.0.40219.1
Project("{8BC9CEB8-8B4A-11D0-8D11-00A0C91BC942}") = "Engineering", "Engineering\Engineering.vcxproj", "{8E63AA08-B391-4909-82D1-00D51C843CB7}"
EndProject
Global
	GlobalSection(SolutionConfigurationPlatforms) = preSolution
		Debug|x64 = Debug|x64
		Debug|x86 = Debug|x86
		Release|x64 = Release|x64
		Release|x86 = Release|x86
	EndGlobalSection
	GlobalSection(ProjectConfigurationPlatforms) = postSolution
		{8E63AA08-B391-4909-82D1-00D51C843CB7}.Debug|x64.ActiveCfg = Debug|x64
		{8E63AA08-B391-4909-82D1-00D51C843CB7}.Debug|x64.Build.0 = Debug|x64
		{8E63AA08-B391-4909-82D1-00D51C843CB7}.Debug|x86.ActiveCfg = Debug|Win32
		{8E63AA08-B391-4909-82D1-00D51C843CB7}.Debug|x86.Build.0 = Debug|Win32
		{8E63AA08-B391-4909-82D1-00D51C843CB7}.Release|x64.ActiveCfg = Release|x64
		{8E63AA08-B391-4909-82D1-00D51C843CB7}.Release|x64.Build.0 = Release|x64
		{8E63AA08-B391-4909-82D1-00D51C843CB7}.Release|x86.ActiveCfg = Release|Win32
		{8E63AA08-B391-4909-82D1-00D51C843CB7}.Release|x86.Build.0 = Release|Win32
	EndGlobalSection
	GlobalSection(SolutionProperties) = preSolution
		HideSolutionNode = FALSE
	EndGlobalSection
	GlobalSection(ExtensibilityGlobals) = postSolution
		SolutionGuid = {FCFFBF96-163C-490B-A278-1B4D1E91E2CE}
	EndGlobalSection
EndGlobal
